
Microsoft Visual Studio Solution File, Format Version 12.00
# Visual Studio Version 16
VisualStudioVersion = 16.0.31702.278
MinimumVisualStudioVersion = 10.0.40219.1
Project("{FAE04EC0-301F-11D3-BF4B-00C04F79EFBC}") = "MovieTrailerWEBAPI", "MovieTrailerWEBAPI\MovieTrailerWEBAPI.csproj", "{9BED754E-C752-4647-9D45-CC1B4CC18CEF}"
EndProject
Global
	GlobalSection(SolutionConfigurationPlatforms) = preSolution
		Debug|Any CPU = Debug|Any CPU
		Release|Any CPU = Release|Any CPU
	EndGlobalSection
	GlobalSection(ProjectConfigurationPlatforms) = postSolution
		{9BED754E-C752-4647-9D45-CC1B4CC18CEF}.Debug|Any CPU.ActiveCfg = Debug|Any CPU
		{9BED754E-C752-4647-9D45-CC1B4CC18CEF}.Debug|Any CPU.Build.0 = Debug|Any CPU
		{9BED754E-C752-4647-9D45-CC1B4CC18CEF}.Release|Any CPU.ActiveCfg = Release|Any CPU
		{9BED754E-C752-4647-9D45-CC1B4CC18CEF}.Release|Any CPU.Build.0 = Release|Any CPU
	EndGlobalSection
	GlobalSection(SolutionProperties) = preSolution
		HideSolutionNode = FALSE
	EndGlobalSection
	GlobalSection(ExtensibilityGlobals) = postSolution
		SolutionGuid = {F638B0B9-9242-4848-858A-847110631079}
	EndGlobalSection
EndGlobal
